// !$*UTF8*$!
{
	archiveVersion = 1;
	classes = {
	};
	objectVersion = 77;
	objects = {

/* Begin PBXBuildFile section */
		20C8AD5736516FEBD639C794 /* FocusMenuView.swift in Sources */ = {isa = PBXBuildFile; fileRef = 3BC910BC01407DA7021E4D46 /* FocusMenuView.swift */; };
		2294F1F61FBC7DCA58F46FC4 /* FocusSession.swift in Sources */ = {isa = PBXBuildFile; fileRef = E5CE88E8A856238ED4632D2C /* FocusSession.swift */; };
		2445E86B461D1FCD51AF4C56 /* SlackService.swift in Sources */ = {isa = PBXBuildFile; fileRef = 9C85CD17F88EF8AB14C62DFB /* SlackService.swift */; };
		3ED687AACFC2E71B9D0E486C /* OnItFocusApp.swift in Sources */ = {isa = PBXBuildFile; fileRef = D36EC95E4AF868CD64B1919E /* OnItFocusApp.swift */; };
		9192C9B5DF5C43546539DB3A /* SettingsView.swift in Sources */ = {isa = PBXBuildFile; fileRef = F3BFE5185B31B65DCA237CA3 /* SettingsView.swift */; };
		950AEEB21880E0245BB78E0B /* DNDService.swift in Sources */ = {isa = PBXBuildFile; fileRef = E7FDBFEC90DCEFA8445EB8D9 /* DNDService.swift */; };
		993E324154569DC30491C532 /* Assets.xcassets in Resources */ = {isa = PBXBuildFile; fileRef = 5C2B7BDBA6BA7EE3EFBC8EC0 /* Assets.xcassets */; };
		B139D64823A4DEFC50E56FD2 /* ActivityInputView.swift in Sources */ = {isa = PBXBuildFile; fileRef = 3394B78546C092EDF5CFA8BC /* ActivityInputView.swift */; };
		B84C734FDFCBDA69E241A65D /* KeychainHelper.swift in Sources */ = {isa = PBXBuildFile; fileRef = EB6E59DD492EBEED62D2B112 /* KeychainHelper.swift */; };
		ECD2D5EC8DC9035566853775 /* FocusTimerService.swift in Sources */ = {isa = PBXBuildFile; fileRef = 17234F6964B62C1CD02C04A9 /* FocusTimerService.swift */; };
/* End PBXBuildFile section */

/* Begin PBXFileReference section */
		17234F6964B62C1CD02C04A9 /* FocusTimerService.swift */ = {isa = PBXFileReference; lastKnownFileType = sourcecode.swift; path = FocusTimerService.swift; sourceTree = "<group>"; };
		3394B78546C092EDF5CFA8BC /* ActivityInputView.swift */ = {isa = PBXFileReference; lastKnownFileType = sourcecode.swift; path = ActivityInputView.swift; sourceTree = "<group>"; };
		3AAF5983494815D9A239FDAB /* OnItFocus.app */ = {isa = PBXFileReference; explicitFileType = wrapper.application; includeInIndex = 0; path = OnItFocus.app; sourceTree = BUILT_PRODUCTS_DIR; };
		3BC910BC01407DA7021E4D46 /* FocusMenuView.swift */ = {isa = PBXFileReference; lastKnownFileType = sourcecode.swift; path = FocusMenuView.swift; sourceTree = "<group>"; };
		5C2B7BDBA6BA7EE3EFBC8EC0 /* Assets.xcassets */ = {isa = PBXFileReference; lastKnownFileType = folder.assetcatalog; path = Assets.xcassets; sourceTree = "<group>"; };
		7FACF28AA19A35B7B5CE9D99 /* OnItFocus.entitlements */ = {isa = PBXFileReference; lastKnownFileType = text.plist.entitlements; path = OnItFocus.entitlements; sourceTree = "<group>"; };
		9C85CD17F88EF8AB14C62DFB /* SlackService.swift */ = {isa = PBXFileReference; lastKnownFileType = sourcecode.swift; path = SlackService.swift; sourceTree = "<group>"; };
		B3739597EE8D7C61884A3386 /* Info.plist */ = {isa = PBXFileReference; lastKnownFileType = text.plist; path = Info.plist; sourceTree = "<group>"; };
		D36EC95E4AF868CD64B1919E /* OnItFocusApp.swift */ = {isa = PBXFileReference; lastKnownFileType = sourcecode.swift; path = OnItFocusApp.swift; sourceTree = "<group>"; };
		E5CE88E8A856238ED4632D2C /* FocusSession.swift */ = {isa = PBXFileReference; lastKnownFileType = sourcecode.swift; path = FocusSession.swift; sourceTree = "<group>"; };
		E7FDBFEC90DCEFA8445EB8D9 /* DNDService.swift */ = {isa = PBXFileReference; lastKnownFileType = sourcecode.swift; path = DNDService.swift; sourceTree = "<group>"; };
		EB6E59DD492EBEED62D2B112 /* KeychainHelper.swift */ = {isa = PBXFileReference; lastKnownFileType = sourcecode.swift; path = KeychainHelper.swift; sourceTree = "<group>"; };
		F3BFE5185B31B65DCA237CA3 /* SettingsView.swift */ = {isa = PBXFileReference; lastKnownFileType = sourcecode.swift; path = SettingsView.swift; sourceTree = "<group>"; };
/* End PBXFileReference section */

/* Begin PBXGroup section */
		020CC0A113994B170EB32937 /* Models */ = {
			isa = PBXGroup;
			children = (
				E5CE88E8A856238ED4632D2C /* FocusSession.swift */,
			);
			path = Models;
			sourceTree = "<group>";
		};
		2A4420565E463F63E00D0531 /* Products */ = {
			isa = PBXGroup;
			children = (
				3AAF5983494815D9A239FDAB /* OnItFocus.app */,
			);
			name = Products;
			sourceTree = "<group>";
		};
		41E77AEDB51E7BF67AE5A6AE = {
			isa = PBXGroup;
			children = (
				DD59E590D353141C7B6A1A44 /* OnItFocus */,
				2A4420565E463F63E00D0531 /* Products */,
			);
			sourceTree = "<group>";
		};
		8483C357C17771D5842FE263 /* Views */ = {
			isa = PBXGroup;
			children = (
				3394B78546C092EDF5CFA8BC /* ActivityInputView.swift */,
				3BC910BC01407DA7021E4D46 /* FocusMenuView.swift */,
				F3BFE5185B31B65DCA237CA3 /* SettingsView.swift */,
			);
			path = Views;
			sourceTree = "<group>";
		};
		981BBFC23CF9838B73D8B337 /* Services */ = {
			isa = PBXGroup;
			children = (
				E7FDBFEC90DCEFA8445EB8D9 /* DNDService.swift */,
				17234F6964B62C1CD02C04A9 /* FocusTimerService.swift */,
				EB6E59DD492EBEED62D2B112 /* KeychainHelper.swift */,
				9C85CD17F88EF8AB14C62DFB /* SlackService.swift */,
			);
			path = Services;
			sourceTree = "<group>";
		};
		DD59E590D353141C7B6A1A44 /* OnItFocus */ = {
			isa = PBXGroup;
			children = (
				5C2B7BDBA6BA7EE3EFBC8EC0 /* Assets.xcassets */,
				B3739597EE8D7C61884A3386 /* Info.plist */,
				7FACF28AA19A35B7B5CE9D99 /* OnItFocus.entitlements */,
				D36EC95E4AF868CD64B1919E /* OnItFocusApp.swift */,
				020CC0A113994B170EB32937 /* Models */,
				981BBFC23CF9838B73D8B337 /* Services */,
				8483C357C17771D5842FE263 /* Views */,
			);
			path = OnItFocus;
			sourceTree = "<group>";
		};
/* End PBXGroup section */

/* Begin PBXNativeTarget section */
		1309C700209527C99BDD029C /* OnItFocus */ = {
			isa = PBXNativeTarget;
			buildConfigurationList = 2D630C071478CAADEEAE8920 /* Build configuration list for PBXNativeTarget "OnItFocus" */;
			buildPhases = (
				CD16FE6787D50E8BB35CCAB4 /* Sources */,
				34277F3D38AB23EB7A9B7809 /* Resources */,
			);
			buildRules = (
			);
			dependencies = (
			);
			name = OnItFocus;
			packageProductDependencies = (
			);
			productName = OnItFocus;
			productReference = 3AAF5983494815D9A239FDAB /* OnItFocus.app */;
			productType = "com.apple.product-type.application";
		};
/* End PBXNativeTarget section */

/* Begin PBXProject section */
		89075B3881ADE187A4D7FE00 /* Project object */ = {
			isa = PBXProject;
			attributes = {
				BuildIndependentTargetsInParallel = YES;
				LastUpgradeCheck = 1600;
				TargetAttributes = {
					1309C700209527C99BDD029C = {
						ProvisioningStyle = Automatic;
					};
				};
			};
			buildConfigurationList = CC108485138C0D7F2A8D89C4 /* Build configuration list for PBXProject "OnItFocus" */;
			developmentRegion = en;
			hasScannedForEncodings = 0;
			knownRegions = (
				Base,
				en,
			);
			mainGroup = 41E77AEDB51E7BF67AE5A6AE;
			minimizedProjectReferenceProxies = 1;
			preferredProjectObjectVersion = 77;
			productRefGroup = 2A4420565E463F63E00D0531 /* Products */;
			projectDirPath = "";
			projectRoot = "";
			targets = (
				1309C700209527C99BDD029C /* OnItFocus */,
			);
		};
/* End PBXProject section */

/* Begin PBXResourcesBuildPhase section */
		34277F3D38AB23EB7A9B7809 /* Resources */ = {
			isa = PBXResourcesBuildPhase;
			buildActionMask = 2147483647;
			files = (
				993E324154569DC30491C532 /* Assets.xcassets in Resources */,
			);
			runOnlyForDeploymentPostprocessing = 0;
		};
/* End PBXResourcesBuildPhase section */

/* Begin PBXSourcesBuildPhase section */
		CD16FE6787D50E8BB35CCAB4 /* Sources */ = {
			isa = PBXSourcesBuildPhase;
			buildActionMask = 2147483647;
			files = (
				B139D64823A4DEFC50E56FD2 /* ActivityInputView.swift in Sources */,
				950AEEB21880E0245BB78E0B /* DNDService.swift in Sources */,
				20C8AD5736516FEBD639C794 /* FocusMenuView.swift in Sources */,
				2294F1F61FBC7DCA58F46FC4 /* FocusSession.swift in Sources */,
				ECD2D5EC8DC9035566853775 /* FocusTimerService.swift in Sources */,
				B84C734FDFCBDA69E241A65D /* KeychainHelper.swift in Sources */,
				3ED687AACFC2E71B9D0E486C /* OnItFocusApp.swift in Sources */,
				9192C9B5DF5C43546539DB3A /* SettingsView.swift in Sources */,
				2445E86B461D1FCD51AF4C56 /* SlackService.swift in Sources */,
			);
			runOnlyForDeploymentPostprocessing = 0;
		};
/* End PBXSourcesBuildPhase section */

/* Begin XCBuildConfiguration section */
		786CFB5CA6EB27F1CAC7B0FC /* Debug */ = {
			isa = XCBuildConfiguration;
			buildSettings = {
				ASSETCATALOG_COMPILER_APPICON_NAME = AppIcon;
				CODE_SIGN_ENTITLEMENTS = OnItFocus/OnItFocus.entitlements;
				CODE_SIGN_STYLE = Automatic;
				COMBINE_HIDPI_IMAGES = YES;
				ENABLE_PREVIEWS = YES;
				GENERATE_INFOPLIST_FILE = NO;
				INFOPLIST_FILE = OnItFocus/Info.plist;
				LD_RUNPATH_SEARCH_PATHS = (
					"$(inherited)",
					"@executable_path/../Frameworks",
				);
				PRODUCT_BUNDLE_NAME = OnItFocus;
				SDKROOT = macosx;
				SWIFT_EMIT_LOC_STRINGS = YES;
			};
			name = Debug;
		};
		8A36F20CD7703C730464B1B6 /* Debug */ = {
			isa = XCBuildConfiguration;
			buildSettings = {
				ALWAYS_SEARCH_USER_PATHS = NO;
				CLANG_ANALYZER_NONNULL = YES;
				CLANG_ANALYZER_NUMBER_OBJECT_CONVERSION = YES_AGGRESSIVE;
				CLANG_CXX_LANGUAGE_STANDARD = "gnu++14";
				CLANG_CXX_LIBRARY = "libc++";
				CLANG_ENABLE_MODULES = YES;
				CLANG_ENABLE_OBJC_ARC = YES;
				CLANG_ENABLE_OBJC_WEAK = YES;
				CLANG_WARN_BLOCK_CAPTURE_AUTORELEASING = YES;
				CLANG_WARN_BOOL_CONVERSION = YES;
				CLANG_WARN_COMMA = YES;
				CLANG_WARN_CONSTANT_CONVERSION = YES;
				CLANG_WARN_DEPRECATED_OBJC_IMPLEMENTATIONS = YES;
				CLANG_WARN_DIRECT_OBJC_ISA_USAGE = YES_ERROR;
				CLANG_WARN_DOCUMENTATION_COMMENTS = YES;
				CLANG_WARN_EMPTY_BODY = YES;
				CLANG_WARN_ENUM_CONVERSION = YES;
				CLANG_WARN_INFINITE_RECURSION = YES;
				CLANG_WARN_INT_CONVERSION = YES;
				CLANG_WARN_NON_LITERAL_NULL_CONVERSION = YES;
				CLANG_WARN_OBJC_IMPLICIT_RETAIN_SELF = YES;
				CLANG_WARN_OBJC_LITERAL_CONVERSION = YES;
				CLANG_WARN_OBJC_ROOT_CLASS = YES_ERROR;
				CLANG_WARN_QUOTED_INCLUDE_IN_FRAMEWORK_HEADER = YES;
				CLANG_WARN_RANGE_LOOP_ANALYSIS = YES;
				CLANG_WARN_STRICT_PROTOTYPES = YES;
				CLANG_WARN_SUSPICIOUS_MOVE = YES;
				CLANG_WARN_UNGUARDED_AVAILABILITY = YES_AGGRESSIVE;
				CLANG_WARN_UNREACHABLE_CODE = YES;
				CLANG_WARN__DUPLICATE_METHOD_MATCH = YES;
				COPY_PHASE_STRIP = NO;
				CURRENT_PROJECT_VERSION = 1;
				DEBUG_INFORMATION_FORMAT = dwarf;
				ENABLE_STRICT_OBJC_MSGSEND = YES;
				ENABLE_TESTABILITY = YES;
				GCC_C_LANGUAGE_STANDARD = gnu11;
				GCC_DYNAMIC_NO_PIC = NO;
				GCC_NO_COMMON_BLOCKS = YES;
				GCC_OPTIMIZATION_LEVEL = 0;
				GCC_PREPROCESSOR_DEFINITIONS = (
					"$(inherited)",
					"DEBUG=1",
				);
				GCC_WARN_64_TO_32_BIT_CONVERSION = YES;
				GCC_WARN_ABOUT_RETURN_TYPE = YES_ERROR;
				GCC_WARN_UNDECLARED_SELECTOR = YES;
				GCC_WARN_UNINITIALIZED_AUTOS = YES_AGGRESSIVE;
				GCC_WARN_UNUSED_FUNCTION = YES;
				GCC_WARN_UNUSED_VARIABLE = YES;
				MACOSX_DEPLOYMENT_TARGET = 14.0;
				MARKETING_VERSION = 0.1.0;
				MTL_ENABLE_DEBUG_INFO = INCLUDE_SOURCE;
				MTL_FAST_MATH = YES;
				ONLY_ACTIVE_ARCH = YES;
				PRODUCT_BUNDLE_IDENTIFIER = com.openjaime.onitfocus;
				PRODUCT_NAME = "$(TARGET_NAME)";
				SDKROOT = macosx;
				SWIFT_ACTIVE_COMPILATION_CONDITIONS = DEBUG;
				SWIFT_OPTIMIZATION_LEVEL = "-Onone";
				SWIFT_VERSION = 5.9;
			};
			name = Debug;
		};
		B94AFC8CFCF8FE6B71478796 /* Release */ = {
			isa = XCBuildConfiguration;
			buildSettings = {
				ALWAYS_SEARCH_USER_PATHS = NO;
				CLANG_ANALYZER_NONNULL = YES;
				CLANG_ANALYZER_NUMBER_OBJECT_CONVERSION = YES_AGGRESSIVE;
				CLANG_CXX_LANGUAGE_STANDARD = "gnu++14";
				CLANG_CXX_LIBRARY = "libc++";
				CLANG_ENABLE_MODULES = YES;
				CLANG_ENABLE_OBJC_ARC = YES;
				CLANG_ENABLE_OBJC_WEAK = YES;
				CLANG_WARN_BLOCK_CAPTURE_AUTORELEASING = YES;
				CLANG_WARN_BOOL_CONVERSION = YES;
				CLANG_WARN_COMMA = YES;
				CLANG_WARN_CONSTANT_CONVERSION = YES;
				CLANG_WARN_DEPRECATED_OBJC_IMPLEMENTATIONS = YES;
				CLANG_WARN_DIRECT_OBJC_ISA_USAGE = YES_ERROR;
				CLANG_WARN_DOCUMENTATION_COMMENTS = YES;
				CLANG_WARN_EMPTY_BODY = YES;
				CLANG_WARN_ENUM_CONVERSION = YES;
				CLANG_WARN_INFINITE_RECURSION = YES;
				CLANG_WARN_INT_CONVERSION = YES;
				CLANG_WARN_NON_LITERAL_NULL_CONVERSION = YES;
				CLANG_WARN_OBJC_IMPLICIT_RETAIN_SELF = YES;
				CLANG_WARN_OBJC_LITERAL_CONVERSION = YES;
				CLANG_WARN_OBJC_ROOT_CLASS = YES_ERROR;
				CLANG_WARN_QUOTED_INCLUDE_IN_FRAMEWORK_HEADER = YES;
				CLANG_WARN_RANGE_LOOP_ANALYSIS = YES;
				CLANG_WARN_STRICT_PROTOTYPES = YES;
				CLANG_WARN_SUSPICIOUS_MOVE = YES;
				CLANG_WARN_UNGUARDED_AVAILABILITY = YES_AGGRESSIVE;
				CLANG_WARN_UNREACHABLE_CODE = YES;
				CLANG_WARN__DUPLICATE_METHOD_MATCH = YES;
				COPY_PHASE_STRIP = NO;
				CURRENT_PROJECT_VERSION = 1;
				DEBUG_INFORMATION_FORMAT = "dwarf-with-dsym";
				ENABLE_NS_ASSERTIONS = NO;
				ENABLE_STRICT_OBJC_MSGSEND = YES;
				GCC_C_LANGUAGE_STANDARD = gnu11;
				GCC_NO_COMMON_BLOCKS = YES;
				GCC_WARN_64_TO_32_BIT_CONVERSION = YES;
				GCC_WARN_ABOUT_RETURN_TYPE = YES_ERROR;
				GCC_WARN_UNDECLARED_SELECTOR = YES;
				GCC_WARN_UNINITIALIZED_AUTOS = YES_AGGRESSIVE;
				GCC_WARN_UNUSED_FUNCTION = YES;
				GCC_WARN_UNUSED_VARIABLE = YES;
				MACOSX_DEPLOYMENT_TARGET = 14.0;
				MARKETING_VERSION = 0.1.0;
				MTL_ENABLE_DEBUG_INFO = NO;
				MTL_FAST_MATH = YES;
				PRODUCT_BUNDLE_IDENTIFIER = com.openjaime.onitfocus;
				PRODUCT_NAME = "$(TARGET_NAME)";
				SDKROOT = macosx;
				SWIFT_COMPILATION_MODE = wholemodule;
				SWIFT_OPTIMIZATION_LEVEL = "-O";
				SWIFT_VERSION = 5.9;
			};
			name = Release;
		};
		D842F0D6C542B0F0535881D1 /* Release */ = {
			isa = XCBuildConfiguration;
			buildSettings = {
				ASSETCATALOG_COMPILER_APPICON_NAME = AppIcon;
				CODE_SIGN_ENTITLEMENTS = OnItFocus/OnItFocus.entitlements;
				CODE_SIGN_STYLE = Automatic;
				COMBINE_HIDPI_IMAGES = YES;
				ENABLE_PREVIEWS = YES;
				GENERATE_INFOPLIST_FILE = NO;
				INFOPLIST_FILE = OnItFocus/Info.plist;
				LD_RUNPATH_SEARCH_PATHS = (
					"$(inherited)",
					"@executable_path/../Frameworks",
				);
				PRODUCT_BUNDLE_NAME = OnItFocus;
				SDKROOT = macosx;
				SWIFT_EMIT_LOC_STRINGS = YES;
			};
			name = Release;
		};
/* End XCBuildConfiguration section */

/* Begin XCConfigurationList section */
		2D630C071478CAADEEAE8920 /* Build configuration list for PBXNativeTarget "OnItFocus" */ = {
			isa = XCConfigurationList;
			buildConfigurations = (
				786CFB5CA6EB27F1CAC7B0FC /* Debug */,
				D842F0D6C542B0F0535881D1 /* Release */,
			);
			defaultConfigurationIsVisible = 0;
			defaultConfigurationName = Debug;
		};
		CC108485138C0D7F2A8D89C4 /* Build configuration list for PBXProject "OnItFocus" */ = {
			isa = XCConfigurationList;
			buildConfigurations = (
				8A36F20CD7703C730464B1B6 /* Debug */,
				B94AFC8CFCF8FE6B71478796 /* Release */,
			);
			defaultConfigurationIsVisible = 0;
			defaultConfigurationName = Debug;
		};
/* End XCConfigurationList section */
	};
	rootObject = 89075B3881ADE187A4D7FE00 /* Project object */;
}
