// !$*UTF8*$!
{
	archiveVersion = 1;
	classes = {
	};
	objectVersion = 77;
	objects = {

/* Begin PBXBuildFile section */
		00FDD701DB74DCD2D82E469B /* Inter-Regular.ttf in Resources */ = {isa = PBXBuildFile; fileRef = 63029DDE28C7BA064F3EA0AE /* Inter-Regular.ttf */; };
		0972ACA31DECEB6215662878 /* Resources in Resources */ = {isa = PBXBuildFile; fileRef = 967C5726395E3635788BAEEE /* Resources */; };
		0B38F2EE9AA2A1B9C5314E82 /* RecentSessionsList.swift in Sources */ = {isa = PBXBuildFile; fileRef = 7329B648E3CF152B279F34FE /* RecentSessionsList.swift */; };
		0CB0FBE091E9FB84F36F2E5F /* TimerControlsView.swift in Sources */ = {isa = PBXBuildFile; fileRef = 1AEE7F3695EF4097CA9CAA33 /* TimerControlsView.swift */; };
		13A631D245BE04B7853BF4F1 /* Analytics in Resources */ = {isa = PBXBuildFile; fileRef = E989B997F730EA3BE022253C /* Analytics */; };
		151E5A8420AFEC29524AF41F /* TopBarView.swift in Sources */ = {isa = PBXBuildFile; fileRef = 824FFB84C09F608FF1A0E65B /* TopBarView.swift */; };
		1546EA3A0E314D00A7465E21 /* SoundPlayerService.swift in Sources */ = {isa = PBXBuildFile; fileRef = E6D891CCE8D1B47F36A376EF /* SoundPlayerService.swift */; };
		15484DE81EA7074873C79B21 /* TaskRowView.swift in Sources */ = {isa = PBXBuildFile; fileRef = 5722B76D495A722143C67D73 /* TaskRowView.swift */; };
		1A3BC7FFCD81ED099070BE22 /* DesignSystem in Resources */ = {isa = PBXBuildFile; fileRef = 1BFD2714D8AA41F25ECEE551 /* DesignSystem */; };
		2014D50F7122A0AFCBDA1855 /* IntegrationsSettingsView.swift in Sources */ = {isa = PBXBuildFile; fileRef = 31D39D966FFC20A42278A9DC /* IntegrationsSettingsView.swift */; };
		22CE09543F47353743C5813D /* SharedComponents.swift in Sources */ = {isa = PBXBuildFile; fileRef = 6E1B7C50E674FBFB62FE9DF9 /* SharedComponents.swift */; };
		24FE2C7D6FB650BB2C5AD8F1 /* Tasks in Resources */ = {isa = PBXBuildFile; fileRef = 27F8F15DF606273DE32B3B14 /* Tasks */; };
		28F4668E8B5055976BA76C10 /* SidebarItemView.swift in Sources */ = {isa = PBXBuildFile; fileRef = E2BC49EFF50AC94A6253C1A4 /* SidebarItemView.swift */; };
		34338A611D5C7DB3F143BE0C /* AnalyticsService.swift in Sources */ = {isa = PBXBuildFile; fileRef = 07E3FA282EB5A6ACDC331EF9 /* AnalyticsService.swift */; };
		36E84D8E2E026E279FB6512E /* PomodoroState.swift in Sources */ = {isa = PBXBuildFile; fileRef = C17386F3788F2D2F1263DBDD /* PomodoroState.swift */; };
		39A248BCEF89B6D08450BB25 /* TasksPage.swift in Sources */ = {isa = PBXBuildFile; fileRef = 455AC520CE3339E97869E3F3 /* TasksPage.swift */; };
		39A58C6BC3D6F565DE7134F3 /* GoogleCalendarService.swift in Sources */ = {isa = PBXBuildFile; fileRef = 844B4C6DBE9625A6C4CAD3B6 /* GoogleCalendarService.swift */; };
		3FFC3DE7EF5D8190CFE92A60 /* PredefinedTask.swift in Sources */ = {isa = PBXBuildFile; fileRef = 0ADA48D3EB4AAD3C4F2BB0A6 /* PredefinedTask.swift */; };
		4A4E5523F0A4CFF73FE53D60 /* FocallyFocusScoreCard.swift in Sources */ = {isa = PBXBuildFile; fileRef = C9102C13F0BCCC126E86559F /* FocallyFocusScoreCard.swift */; };
		4E171CBDCAE413F2F4D0F49F /* FocallyTab.swift in Sources */ = {isa = PBXBuildFile; fileRef = 72E8B02857EA57B0B2F2F757 /* FocallyTab.swift */; };
		502C0C2CECF49B7B51437EA5 /* IdleDashboardView.swift in Sources */ = {isa = PBXBuildFile; fileRef = B860787C9D927F44E814A0E0 /* IdleDashboardView.swift */; };
		569C27BAFE95086403B5EBD0 /* CardModifier.swift in Sources */ = {isa = PBXBuildFile; fileRef = C748C5C5C964CFE0D53D32A8 /* CardModifier.swift */; };
		5D4D0DA99FF251508C00D382 /* FocusBlock.swift in Sources */ = {isa = PBXBuildFile; fileRef = 2D087C179B816CA86B0EA42F /* FocusBlock.swift */; };
		5F838DC6DC730CF3D6EA46D9 /* FocallyColors.swift in Sources */ = {isa = PBXBuildFile; fileRef = 440DA683BDD9156AD84D322C /* FocallyColors.swift */; };
		62800918C6A9ABAF71CE9F6C /* AppearanceSettingsView.swift in Sources */ = {isa = PBXBuildFile; fileRef = F09389E957ADEB70D2BD6A48 /* AppearanceSettingsView.swift */; };
		65C855D162E30756C31A2018 /* CalendarEvent.swift in Sources */ = {isa = PBXBuildFile; fileRef = 4F1929A30482E8B887E4AD37 /* CalendarEvent.swift */; };
		679740AFC847642945563E39 /* bell.aiff in Resources */ = {isa = PBXBuildFile; fileRef = 8106D91600D3C2013F5ACD33 /* bell.aiff */; };
		6CB349FD5A20890E40E0ECC3 /* NotificationService.swift in Sources */ = {isa = PBXBuildFile; fileRef = 4414920B6A39DCAF591E7C0D /* NotificationService.swift */; };
		71297668B2A2B4A07624D8FC /* OnItFocusApp.swift in Sources */ = {isa = PBXBuildFile; fileRef = 442CEDEC7C104DB30E47CE7F /* OnItFocusApp.swift */; };
		72C50B6FF38D05A2E9F440C5 /* FocallySpacing.swift in Sources */ = {isa = PBXBuildFile; fileRef = 887E284DE9F5C9CF995676B1 /* FocallySpacing.swift */; };
		75AE11EE54E0E7089F054303 /* FocusScoreCard.swift in Sources */ = {isa = PBXBuildFile; fileRef = 18DF61381E873FA5E6F36707 /* FocusScoreCard.swift */; };
		77FD86A23B5E36658A3E7A2A /* HistoryService.swift in Sources */ = {isa = PBXBuildFile; fileRef = 8BE50E05EC48280BABFC8AC7 /* HistoryService.swift */; };
		7C262F088F990DED923716C5 /* DNDService.swift in Sources */ = {isa = PBXBuildFile; fileRef = F2E3F6355136EFD90EE198C8 /* DNDService.swift */; };
		803039DD967F5D993EC45A02 /* Inter-Medium.ttf in Resources */ = {isa = PBXBuildFile; fileRef = 69BA6A62FBD191361AA67F13 /* Inter-Medium.ttf */; };
		809EBE91F71EE7FC5E7AE0C8 /* Inter-Bold.ttf in Resources */ = {isa = PBXBuildFile; fileRef = 67D595C270A8FFD564B6ADF4 /* Inter-Bold.ttf */; };
		84AC2BAA9F2CCA1495A302B5 /* SlackService.swift in Sources */ = {isa = PBXBuildFile; fileRef = 0179E6DB0D32C6C38E33CE35 /* SlackService.swift */; };
		8D9FA177CAF8AC88645E9C21 /* Timer in Resources */ = {isa = PBXBuildFile; fileRef = 048105A570F946E2833492F3 /* Timer */; };
		8F78AC672E80865A93223480 /* KeychainHelper.swift in Sources */ = {isa = PBXBuildFile; fileRef = 4974D6DCBBEF4EDAD90D1BC8 /* KeychainHelper.swift */; };
		91403EE941CCFB17EA5AD082 /* TimerPage.swift in Sources */ = {isa = PBXBuildFile; fileRef = 191E59EB17B55941B8BE4DFC /* TimerPage.swift */; };
		93BF8041B02840C835DC9371 /* FocusAllocationCard.swift in Sources */ = {isa = PBXBuildFile; fileRef = 9ACE0919D2BAEFCCC24A8A9C /* FocusAllocationCard.swift */; };
		970D3C8AD2A7D59A0BB95DCC /* FocallyTheme.swift in Sources */ = {isa = PBXBuildFile; fileRef = 09C970E080ECA16E573C5DB4 /* FocallyTheme.swift */; };
		97DD6CBC31149C9D2AA59EDF /* EstimatedTimeCard.swift in Sources */ = {isa = PBXBuildFile; fileRef = 9FCE523D9EFCCD10CFBD8794 /* EstimatedTimeCard.swift */; };
		9FDAC7602453C24664E4CB03 /* Settings in Resources */ = {isa = PBXBuildFile; fileRef = 28994D2A7C018DFC7876ACE9 /* Settings */; };
		A5C5DDFD64A5AA925679A34B /* AboutSettingsView.swift in Sources */ = {isa = PBXBuildFile; fileRef = FADCCBBE20EDDDB13F223879 /* AboutSettingsView.swift */; };
		A948378CE62D949DB545599B /* Navigation in Resources */ = {isa = PBXBuildFile; fileRef = 76965E6EAEB36C5A93B396A0 /* Navigation */; };
		A9B36E8ADD6E0B6C2B437CE6 /* ScheduleService.swift in Sources */ = {isa = PBXBuildFile; fileRef = 0CDF86C485BBCBEA26892F4B /* ScheduleService.swift */; };
		AA16BD229B8EB201F5F47D52 /* FocusTrendChart.swift in Sources */ = {isa = PBXBuildFile; fileRef = FF9300C00888F0B7546C94C7 /* FocusTrendChart.swift */; };
		AA9A7FA72C7102C2DF501965 /* PredefinedTasksList.swift in Sources */ = {isa = PBXBuildFile; fileRef = 0A137F191E257CDE7AD2ABAE /* PredefinedTasksList.swift */; };
		AAB08AFF8D55115118E12B39 /* SidebarView.swift in Sources */ = {isa = PBXBuildFile; fileRef = 18DF9DEEC76304DC26DB445F /* SidebarView.swift */; };
		ADAA439E664426F93640E1CC /* GeneralSettingsView.swift in Sources */ = {isa = PBXBuildFile; fileRef = 333B9C2677E37101A21C54C8 /* GeneralSettingsView.swift */; };
		ADF6E6ACAE531242A66946CB /* AppIcon.icns in Resources */ = {isa = PBXBuildFile; fileRef = B7294FD9B10CC42662103B9B /* AppIcon.icns */; };
		B1C0B5E975F1DD15F1EEA2A6 /* AutomationSettingsView.swift in Sources */ = {isa = PBXBuildFile; fileRef = 3BB16BD2F3E3AA2EE81EAAB3 /* AutomationSettingsView.swift */; };
		B3683A382B1B2A7F5F62CDC3 /* TimerSettingsCard.swift in Sources */ = {isa = PBXBuildFile; fileRef = F90F068B7D2A7CEED482B916 /* TimerSettingsCard.swift */; };
		B51CB69C4C2F2E4EB0DAA3FC /* WeekCalendarView.swift in Sources */ = {isa = PBXBuildFile; fileRef = 0CA587C51B99E375193E7B89 /* WeekCalendarView.swift */; };
		B83B768C2CF5BCC948DBD75B /* DesignSystemTestView.swift in Sources */ = {isa = PBXBuildFile; fileRef = 8C2677CB56C06B2FD04DCAF2 /* DesignSystemTestView.swift */; };
		C36B2949A17645A1C9679416 /* AnalyticsPage.swift in Sources */ = {isa = PBXBuildFile; fileRef = 1664CE1EFAF35F33F9B5F97A /* AnalyticsPage.swift */; };
		CAECDE4AC6D75573BAECAF34 /* ActiveFocusView.swift in Sources */ = {isa = PBXBuildFile; fileRef = 4C4F3C46236A4B727B225E9D /* ActiveFocusView.swift */; };
		CC6B0E5B7BD7393534E5039F /* Inter-SemiBold.ttf in Resources */ = {isa = PBXBuildFile; fileRef = 55FBAB09E40CDC3EA5F3DF20 /* Inter-SemiBold.ttf */; };
		CF4E0D7D8E95689E6B3A9010 /* SchedulePage.swift in Sources */ = {isa = PBXBuildFile; fileRef = F93CAAC808829D5F520CC656 /* SchedulePage.swift */; };
		D626EF73E0ACD103321976D9 /* FocallyRadius.swift in Sources */ = {isa = PBXBuildFile; fileRef = 633E55854AB377DA4F68B1CC /* FocallyRadius.swift */; };
		D7C1347EEDD7AEEC19E1977C /* Schedule in Resources */ = {isa = PBXBuildFile; fileRef = DDFBAC5608BA076F787C1281 /* Schedule */; };
		D838842FB637F4CF25588D4E /* MainWindow.swift in Sources */ = {isa = PBXBuildFile; fileRef = 4D5B5ECDE2CC6A65C42B3D2A /* MainWindow.swift */; };
		DD17CDE1096E671F174DE5C0 /* SettingsPage.swift in Sources */ = {isa = PBXBuildFile; fileRef = 80AE26497177767F58D61D45 /* SettingsPage.swift */; };
		E7FAA76F83D4FA15983A6856 /* Fonts in Resources */ = {isa = PBXBuildFile; fileRef = 97C672BD4B94B34B063F44E5 /* Fonts */; };
		E95208F3D30D1AE78A138D47 /* SmartTemplatesCard.swift in Sources */ = {isa = PBXBuildFile; fileRef = 810114785EFF92E93469DBC9 /* SmartTemplatesCard.swift */; };
		EA47EA69F07B97F12E89C9EA /* FocusTimerService.swift in Sources */ = {isa = PBXBuildFile; fileRef = 1032F662E9204A6D804DD2EF /* FocusTimerService.swift */; };
		EA48D35F158E4DC1C71ED845 /* Assets.xcassets in Resources */ = {isa = PBXBuildFile; fileRef = B872379B2018EE66D478415E /* Assets.xcassets */; };
		F2B8CBD723F1F53867939192 /* FocallyTypography.swift in Sources */ = {isa = PBXBuildFile; fileRef = 126D47EF69130589A232D146 /* FocallyTypography.swift */; };
		F94CE01D65F077489B5FCEC0 /* MenuBarDropdownView.swift in Sources */ = {isa = PBXBuildFile; fileRef = 6F7066639935ACD7D7D50E24 /* MenuBarDropdownView.swift */; };
		FEB794232080603BE2B0EE0F /* CreateFocusBlockSheet.swift in Sources */ = {isa = PBXBuildFile; fileRef = 1D447524B8FAB7156D08A9B4 /* CreateFocusBlockSheet.swift */; };
		FF1F6F73C5FB3708C3AD140D /* FocusBlockView.swift in Sources */ = {isa = PBXBuildFile; fileRef = 696DBC7778A0F797F047B996 /* FocusBlockView.swift */; };
/* End PBXBuildFile section */

/* Begin PBXFileReference section */
		0179E6DB0D32C6C38E33CE35 /* SlackService.swift */ = {isa = PBXFileReference; lastKnownFileType = sourcecode.swift; path = SlackService.swift; sourceTree = "<group>"; };
		048105A570F946E2833492F3 /* Timer */ = {isa = PBXFileReference; lastKnownFileType = folder; name = Timer; path = Focally/Views/Timer; sourceTree = SOURCE_ROOT; };
		07E3FA282EB5A6ACDC331EF9 /* AnalyticsService.swift */ = {isa = PBXFileReference; lastKnownFileType = sourcecode.swift; path = AnalyticsService.swift; sourceTree = "<group>"; };
		09C970E080ECA16E573C5DB4 /* FocallyTheme.swift */ = {isa = PBXFileReference; lastKnownFileType = sourcecode.swift; path = FocallyTheme.swift; sourceTree = "<group>"; };
		0A137F191E257CDE7AD2ABAE /* PredefinedTasksList.swift */ = {isa = PBXFileReference; lastKnownFileType = sourcecode.swift; path = PredefinedTasksList.swift; sourceTree = "<group>"; };
		0ADA48D3EB4AAD3C4F2BB0A6 /* PredefinedTask.swift */ = {isa = PBXFileReference; lastKnownFileType = sourcecode.swift; path = PredefinedTask.swift; sourceTree = "<group>"; };
		0CA587C51B99E375193E7B89 /* WeekCalendarView.swift */ = {isa = PBXFileReference; lastKnownFileType = sourcecode.swift; path = WeekCalendarView.swift; sourceTree = "<group>"; };
		0CDF86C485BBCBEA26892F4B /* ScheduleService.swift */ = {isa = PBXFileReference; lastKnownFileType = sourcecode.swift; path = ScheduleService.swift; sourceTree = "<group>"; };
		1032F662E9204A6D804DD2EF /* FocusTimerService.swift */ = {isa = PBXFileReference; lastKnownFileType = sourcecode.swift; path = FocusTimerService.swift; sourceTree = "<group>"; };
		126D47EF69130589A232D146 /* FocallyTypography.swift */ = {isa = PBXFileReference; lastKnownFileType = sourcecode.swift; path = FocallyTypography.swift; sourceTree = "<group>"; };
		1664CE1EFAF35F33F9B5F97A /* AnalyticsPage.swift */ = {isa = PBXFileReference; lastKnownFileType = sourcecode.swift; path = AnalyticsPage.swift; sourceTree = "<group>"; };
		18DF61381E873FA5E6F36707 /* FocusScoreCard.swift */ = {isa = PBXFileReference; lastKnownFileType = sourcecode.swift; path = FocusScoreCard.swift; sourceTree = "<group>"; };
		18DF9DEEC76304DC26DB445F /* SidebarView.swift */ = {isa = PBXFileReference; lastKnownFileType = sourcecode.swift; path = SidebarView.swift; sourceTree = "<group>"; };
		191E59EB17B55941B8BE4DFC /* TimerPage.swift */ = {isa = PBXFileReference; lastKnownFileType = sourcecode.swift; path = TimerPage.swift; sourceTree = "<group>"; };
		1AEE7F3695EF4097CA9CAA33 /* TimerControlsView.swift */ = {isa = PBXFileReference; lastKnownFileType = sourcecode.swift; path = TimerControlsView.swift; sourceTree = "<group>"; };
		1BFD2714D8AA41F25ECEE551 /* DesignSystem */ = {isa = PBXFileReference; lastKnownFileType = folder; name = DesignSystem; path = Focally/DesignSystem; sourceTree = SOURCE_ROOT; };
		1D447524B8FAB7156D08A9B4 /* CreateFocusBlockSheet.swift */ = {isa = PBXFileReference; lastKnownFileType = sourcecode.swift; path = CreateFocusBlockSheet.swift; sourceTree = "<group>"; };
		27F8F15DF606273DE32B3B14 /* Tasks */ = {isa = PBXFileReference; lastKnownFileType = folder; name = Tasks; path = Focally/Views/Tasks; sourceTree = SOURCE_ROOT; };
		28994D2A7C018DFC7876ACE9 /* Settings */ = {isa = PBXFileReference; lastKnownFileType = folder; name = Settings; path = Focally/Views/Settings; sourceTree = SOURCE_ROOT; };
		2D087C179B816CA86B0EA42F /* FocusBlock.swift */ = {isa = PBXFileReference; lastKnownFileType = sourcecode.swift; path = FocusBlock.swift; sourceTree = "<group>"; };
		31D39D966FFC20A42278A9DC /* IntegrationsSettingsView.swift */ = {isa = PBXFileReference; lastKnownFileType = sourcecode.swift; path = IntegrationsSettingsView.swift; sourceTree = "<group>"; };
		333B9C2677E37101A21C54C8 /* GeneralSettingsView.swift */ = {isa = PBXFileReference; lastKnownFileType = sourcecode.swift; path = GeneralSettingsView.swift; sourceTree = "<group>"; };
		379E8BFD59E6CCE9B45FA35F /* Focally.entitlements */ = {isa = PBXFileReference; lastKnownFileType = text.plist.entitlements; path = Focally.entitlements; sourceTree = "<group>"; };
		3BB16BD2F3E3AA2EE81EAAB3 /* AutomationSettingsView.swift */ = {isa = PBXFileReference; lastKnownFileType = sourcecode.swift; path = AutomationSettingsView.swift; sourceTree = "<group>"; };
		440DA683BDD9156AD84D322C /* FocallyColors.swift */ = {isa = PBXFileReference; lastKnownFileType = sourcecode.swift; path = FocallyColors.swift; sourceTree = "<group>"; };
		4414920B6A39DCAF591E7C0D /* NotificationService.swift */ = {isa = PBXFileReference; lastKnownFileType = sourcecode.swift; path = NotificationService.swift; sourceTree = "<group>"; };
		442CEDEC7C104DB30E47CE7F /* OnItFocusApp.swift */ = {isa = PBXFileReference; lastKnownFileType = sourcecode.swift; path = OnItFocusApp.swift; sourceTree = "<group>"; };
		455AC520CE3339E97869E3F3 /* TasksPage.swift */ = {isa = PBXFileReference; lastKnownFileType = sourcecode.swift; path = TasksPage.swift; sourceTree = "<group>"; };
		4974D6DCBBEF4EDAD90D1BC8 /* KeychainHelper.swift */ = {isa = PBXFileReference; lastKnownFileType = sourcecode.swift; path = KeychainHelper.swift; sourceTree = "<group>"; };
		4C4F3C46236A4B727B225E9D /* ActiveFocusView.swift */ = {isa = PBXFileReference; lastKnownFileType = sourcecode.swift; path = ActiveFocusView.swift; sourceTree = "<group>"; };
		4D5B5ECDE2CC6A65C42B3D2A /* MainWindow.swift */ = {isa = PBXFileReference; lastKnownFileType = sourcecode.swift; path = MainWindow.swift; sourceTree = "<group>"; };
		4F1929A30482E8B887E4AD37 /* CalendarEvent.swift */ = {isa = PBXFileReference; lastKnownFileType = sourcecode.swift; path = CalendarEvent.swift; sourceTree = "<group>"; };
		55FBAB09E40CDC3EA5F3DF20 /* Inter-SemiBold.ttf */ = {isa = PBXFileReference; lastKnownFileType = file; path = "Inter-SemiBold.ttf"; sourceTree = "<group>"; };
		5722B76D495A722143C67D73 /* TaskRowView.swift */ = {isa = PBXFileReference; lastKnownFileType = sourcecode.swift; path = TaskRowView.swift; sourceTree = "<group>"; };
		63029DDE28C7BA064F3EA0AE /* Inter-Regular.ttf */ = {isa = PBXFileReference; lastKnownFileType = file; path = "Inter-Regular.ttf"; sourceTree = "<group>"; };
		633E55854AB377DA4F68B1CC /* FocallyRadius.swift */ = {isa = PBXFileReference; lastKnownFileType = sourcecode.swift; path = FocallyRadius.swift; sourceTree = "<group>"; };
		67D595C270A8FFD564B6ADF4 /* Inter-Bold.ttf */ = {isa = PBXFileReference; lastKnownFileType = file; path = "Inter-Bold.ttf"; sourceTree = "<group>"; };
		696DBC7778A0F797F047B996 /* FocusBlockView.swift */ = {isa = PBXFileReference; lastKnownFileType = sourcecode.swift; path = FocusBlockView.swift; sourceTree = "<group>"; };
		69BA6A62FBD191361AA67F13 /* Inter-Medium.ttf */ = {isa = PBXFileReference; lastKnownFileType = file; path = "Inter-Medium.ttf"; sourceTree = "<group>"; };
		6E1B7C50E674FBFB62FE9DF9 /* SharedComponents.swift */ = {isa = PBXFileReference; lastKnownFileType = sourcecode.swift; path = SharedComponents.swift; sourceTree = "<group>"; };
		6F7066639935ACD7D7D50E24 /* MenuBarDropdownView.swift */ = {isa = PBXFileReference; lastKnownFileType = sourcecode.swift; path = MenuBarDropdownView.swift; sourceTree = "<group>"; };
		72E8B02857EA57B0B2F2F757 /* FocallyTab.swift */ = {isa = PBXFileReference; lastKnownFileType = sourcecode.swift; path = FocallyTab.swift; sourceTree = "<group>"; };
		7329B648E3CF152B279F34FE /* RecentSessionsList.swift */ = {isa = PBXFileReference; lastKnownFileType = sourcecode.swift; path = RecentSessionsList.swift; sourceTree = "<group>"; };
		76965E6EAEB36C5A93B396A0 /* Navigation */ = {isa = PBXFileReference; lastKnownFileType = folder; name = Navigation; path = Focally/Views/Navigation; sourceTree = SOURCE_ROOT; };
		80AE26497177767F58D61D45 /* SettingsPage.swift */ = {isa = PBXFileReference; lastKnownFileType = sourcecode.swift; path = SettingsPage.swift; sourceTree = "<group>"; };
		810114785EFF92E93469DBC9 /* SmartTemplatesCard.swift */ = {isa = PBXFileReference; lastKnownFileType = sourcecode.swift; path = SmartTemplatesCard.swift; sourceTree = "<group>"; };
		8106D91600D3C2013F5ACD33 /* bell.aiff */ = {isa = PBXFileReference; lastKnownFileType = audio.aiff; path = bell.aiff; sourceTree = "<group>"; };
		824FFB84C09F608FF1A0E65B /* TopBarView.swift */ = {isa = PBXFileReference; lastKnownFileType = sourcecode.swift; path = TopBarView.swift; sourceTree = "<group>"; };
		844B4C6DBE9625A6C4CAD3B6 /* GoogleCalendarService.swift */ = {isa = PBXFileReference; lastKnownFileType = sourcecode.swift; path = GoogleCalendarService.swift; sourceTree = "<group>"; };
		887E284DE9F5C9CF995676B1 /* FocallySpacing.swift */ = {isa = PBXFileReference; lastKnownFileType = sourcecode.swift; path = FocallySpacing.swift; sourceTree = "<group>"; };
		8BE50E05EC48280BABFC8AC7 /* HistoryService.swift */ = {isa = PBXFileReference; lastKnownFileType = sourcecode.swift; path = HistoryService.swift; sourceTree = "<group>"; };
		8C2677CB56C06B2FD04DCAF2 /* DesignSystemTestView.swift */ = {isa = PBXFileReference; lastKnownFileType = sourcecode.swift; path = DesignSystemTestView.swift; sourceTree = "<group>"; };
		8E5322A16B3B60603C5509F9 /* Focally.app */ = {isa = PBXFileReference; explicitFileType = wrapper.application; includeInIndex = 0; path = Focally.app; sourceTree = BUILT_PRODUCTS_DIR; };
		967C5726395E3635788BAEEE /* Resources */ = {isa = PBXFileReference; lastKnownFileType = folder; name = Resources; path = Focally/Resources; sourceTree = SOURCE_ROOT; };
		97C672BD4B94B34B063F44E5 /* Fonts */ = {isa = PBXFileReference; lastKnownFileType = folder; name = Fonts; path = Focally/Resources/Fonts; sourceTree = SOURCE_ROOT; };
		9ACE0919D2BAEFCCC24A8A9C /* FocusAllocationCard.swift */ = {isa = PBXFileReference; lastKnownFileType = sourcecode.swift; path = FocusAllocationCard.swift; sourceTree = "<group>"; };
		9FCE523D9EFCCD10CFBD8794 /* EstimatedTimeCard.swift */ = {isa = PBXFileReference; lastKnownFileType = sourcecode.swift; path = EstimatedTimeCard.swift; sourceTree = "<group>"; };
		A6B424719CB23B5544233E17 /* Info.plist */ = {isa = PBXFileReference; lastKnownFileType = text.plist; path = Info.plist; sourceTree = "<group>"; };
		B7294FD9B10CC42662103B9B /* AppIcon.icns */ = {isa = PBXFileReference; lastKnownFileType = image.icns; path = AppIcon.icns; sourceTree = "<group>"; };
		B860787C9D927F44E814A0E0 /* IdleDashboardView.swift */ = {isa = PBXFileReference; lastKnownFileType = sourcecode.swift; path = IdleDashboardView.swift; sourceTree = "<group>"; };
		B872379B2018EE66D478415E /* Assets.xcassets */ = {isa = PBXFileReference; lastKnownFileType = folder.assetcatalog; path = Assets.xcassets; sourceTree = "<group>"; };
		C17386F3788F2D2F1263DBDD /* PomodoroState.swift */ = {isa = PBXFileReference; lastKnownFileType = sourcecode.swift; path = PomodoroState.swift; sourceTree = "<group>"; };
		C748C5C5C964CFE0D53D32A8 /* CardModifier.swift */ = {isa = PBXFileReference; lastKnownFileType = sourcecode.swift; path = CardModifier.swift; sourceTree = "<group>"; };
		C9102C13F0BCCC126E86559F /* FocallyFocusScoreCard.swift */ = {isa = PBXFileReference; lastKnownFileType = sourcecode.swift; path = FocallyFocusScoreCard.swift; sourceTree = "<group>"; };
		DDFBAC5608BA076F787C1281 /* Schedule */ = {isa = PBXFileReference; lastKnownFileType = folder; name = Schedule; path = Focally/Views/Schedule; sourceTree = SOURCE_ROOT; };
		E2BC49EFF50AC94A6253C1A4 /* SidebarItemView.swift */ = {isa = PBXFileReference; lastKnownFileType = sourcecode.swift; path = SidebarItemView.swift; sourceTree = "<group>"; };
		E6D891CCE8D1B47F36A376EF /* SoundPlayerService.swift */ = {isa = PBXFileReference; lastKnownFileType = sourcecode.swift; path = SoundPlayerService.swift; sourceTree = "<group>"; };
		E989B997F730EA3BE022253C /* Analytics */ = {isa = PBXFileReference; lastKnownFileType = folder; name = Analytics; path = Focally/Views/Analytics; sourceTree = SOURCE_ROOT; };
		F09389E957ADEB70D2BD6A48 /* AppearanceSettingsView.swift */ = {isa = PBXFileReference; lastKnownFileType = sourcecode.swift; path = AppearanceSettingsView.swift; sourceTree = "<group>"; };
		F2E3F6355136EFD90EE198C8 /* DNDService.swift */ = {isa = PBXFileReference; lastKnownFileType = sourcecode.swift; path = DNDService.swift; sourceTree = "<group>"; };
		F90F068B7D2A7CEED482B916 /* TimerSettingsCard.swift */ = {isa = PBXFileReference; lastKnownFileType = sourcecode.swift; path = TimerSettingsCard.swift; sourceTree = "<group>"; };
		F93CAAC808829D5F520CC656 /* SchedulePage.swift */ = {isa = PBXFileReference; lastKnownFileType = sourcecode.swift; path = SchedulePage.swift; sourceTree = "<group>"; };
		FADCCBBE20EDDDB13F223879 /* AboutSettingsView.swift */ = {isa = PBXFileReference; lastKnownFileType = sourcecode.swift; path = AboutSettingsView.swift; sourceTree = "<group>"; };
		FF9300C00888F0B7546C94C7 /* FocusTrendChart.swift */ = {isa = PBXFileReference; lastKnownFileType = sourcecode.swift; path = FocusTrendChart.swift; sourceTree = "<group>"; };
/* End PBXFileReference section */

/* Begin PBXGroup section */
		0AEF4C2BBDBDF4F45D0BD085 /* Navigation */ = {
			isa = PBXGroup;
			children = (
				72E8B02857EA57B0B2F2F757 /* FocallyTab.swift */,
				E2BC49EFF50AC94A6253C1A4 /* SidebarItemView.swift */,
				18DF9DEEC76304DC26DB445F /* SidebarView.swift */,
				824FFB84C09F608FF1A0E65B /* TopBarView.swift */,
			);
			path = Navigation;
			sourceTree = "<group>";
		};
		122010126CD7EFB3D8B2BF85 /* Views */ = {
			isa = PBXGroup;
			children = (
				4D5B5ECDE2CC6A65C42B3D2A /* MainWindow.swift */,
				6E1B7C50E674FBFB62FE9DF9 /* SharedComponents.swift */,
				590A7EFBC009126860A31878 /* Analytics */,
				4A2B7356CDB6634F3D74235D /* MenuBar */,
				0AEF4C2BBDBDF4F45D0BD085 /* Navigation */,
				E0C4358D797BEF8C38C58B27 /* Schedule */,
				FA124C2C4FF6A6CB599B6642 /* Settings */,
				89E1F94883D3605622F9CEAD /* Tasks */,
				7D55B2FE90BE0164AD717B93 /* Timer */,
			);
			path = Views;
			sourceTree = "<group>";
		};
		18BD5D25DEA66C56F6FC7A05 /* Fonts */ = {
			isa = PBXGroup;
			children = (
				67D595C270A8FFD564B6ADF4 /* Inter-Bold.ttf */,
				69BA6A62FBD191361AA67F13 /* Inter-Medium.ttf */,
				63029DDE28C7BA064F3EA0AE /* Inter-Regular.ttf */,
				55FBAB09E40CDC3EA5F3DF20 /* Inter-SemiBold.ttf */,
			);
			path = Fonts;
			sourceTree = "<group>";
		};
		33154AF2EF8078375483C6A2 /* Products */ = {
			isa = PBXGroup;
			children = (
				8E5322A16B3B60603C5509F9 /* Focally.app */,
			);
			name = Products;
			sourceTree = "<group>";
		};
		4051D8D7C7F98FDA8B860CCE = {
			isa = PBXGroup;
			children = (
				E989B997F730EA3BE022253C /* Analytics */,
				1BFD2714D8AA41F25ECEE551 /* DesignSystem */,
				97C672BD4B94B34B063F44E5 /* Fonts */,
				76965E6EAEB36C5A93B396A0 /* Navigation */,
				967C5726395E3635788BAEEE /* Resources */,
				DDFBAC5608BA076F787C1281 /* Schedule */,
				28994D2A7C018DFC7876ACE9 /* Settings */,
				27F8F15DF606273DE32B3B14 /* Tasks */,
				048105A570F946E2833492F3 /* Timer */,
				C30EC7C7E2228B6BE149EDDC /* Focally */,
				33154AF2EF8078375483C6A2 /* Products */,
			);
			sourceTree = "<group>";
		};
		4A2B7356CDB6634F3D74235D /* MenuBar */ = {
			isa = PBXGroup;
			children = (
				6F7066639935ACD7D7D50E24 /* MenuBarDropdownView.swift */,
			);
			path = MenuBar;
			sourceTree = "<group>";
		};
		4E8101EF9D6FF1BD04DC4D3E /* Models */ = {
			isa = PBXGroup;
			children = (
				4F1929A30482E8B887E4AD37 /* CalendarEvent.swift */,
				2D087C179B816CA86B0EA42F /* FocusBlock.swift */,
				C17386F3788F2D2F1263DBDD /* PomodoroState.swift */,
				0ADA48D3EB4AAD3C4F2BB0A6 /* PredefinedTask.swift */,
			);
			path = Models;
			sourceTree = "<group>";
		};
		590A7EFBC009126860A31878 /* Analytics */ = {
			isa = PBXGroup;
			children = (
				1664CE1EFAF35F33F9B5F97A /* AnalyticsPage.swift */,
				9ACE0919D2BAEFCCC24A8A9C /* FocusAllocationCard.swift */,
				18DF61381E873FA5E6F36707 /* FocusScoreCard.swift */,
				FF9300C00888F0B7546C94C7 /* FocusTrendChart.swift */,
				7329B648E3CF152B279F34FE /* RecentSessionsList.swift */,
			);
			path = Analytics;
			sourceTree = "<group>";
		};
		5AF2FE4BCEA66A832CB8637D /* Resources */ = {
			isa = PBXGroup;
			children = (
				B7294FD9B10CC42662103B9B /* AppIcon.icns */,
				8106D91600D3C2013F5ACD33 /* bell.aiff */,
				18BD5D25DEA66C56F6FC7A05 /* Fonts */,
			);
			path = Resources;
			sourceTree = "<group>";
		};
		7D55B2FE90BE0164AD717B93 /* Timer */ = {
			isa = PBXGroup;
			children = (
				4C4F3C46236A4B727B225E9D /* ActiveFocusView.swift */,
				9FCE523D9EFCCD10CFBD8794 /* EstimatedTimeCard.swift */,
				C9102C13F0BCCC126E86559F /* FocallyFocusScoreCard.swift */,
				B860787C9D927F44E814A0E0 /* IdleDashboardView.swift */,
				1AEE7F3695EF4097CA9CAA33 /* TimerControlsView.swift */,
				191E59EB17B55941B8BE4DFC /* TimerPage.swift */,
			);
			path = Timer;
			sourceTree = "<group>";
		};
		89E1F94883D3605622F9CEAD /* Tasks */ = {
			isa = PBXGroup;
			children = (
				0A137F191E257CDE7AD2ABAE /* PredefinedTasksList.swift */,
				810114785EFF92E93469DBC9 /* SmartTemplatesCard.swift */,
				5722B76D495A722143C67D73 /* TaskRowView.swift */,
				455AC520CE3339E97869E3F3 /* TasksPage.swift */,
				F90F068B7D2A7CEED482B916 /* TimerSettingsCard.swift */,
			);
			path = Tasks;
			sourceTree = "<group>";
		};
		A408092242B9C158AA16CF2E /* DesignSystem */ = {
			isa = PBXGroup;
			children = (
				C748C5C5C964CFE0D53D32A8 /* CardModifier.swift */,
				8C2677CB56C06B2FD04DCAF2 /* DesignSystemTestView.swift */,
				440DA683BDD9156AD84D322C /* FocallyColors.swift */,
				633E55854AB377DA4F68B1CC /* FocallyRadius.swift */,
				887E284DE9F5C9CF995676B1 /* FocallySpacing.swift */,
				09C970E080ECA16E573C5DB4 /* FocallyTheme.swift */,
				126D47EF69130589A232D146 /* FocallyTypography.swift */,
			);
			path = DesignSystem;
			sourceTree = "<group>";
		};
		C30EC7C7E2228B6BE149EDDC /* Focally */ = {
			isa = PBXGroup;
			children = (
				B872379B2018EE66D478415E /* Assets.xcassets */,
				379E8BFD59E6CCE9B45FA35F /* Focally.entitlements */,
				A6B424719CB23B5544233E17 /* Info.plist */,
				442CEDEC7C104DB30E47CE7F /* OnItFocusApp.swift */,
				A408092242B9C158AA16CF2E /* DesignSystem */,
				4E8101EF9D6FF1BD04DC4D3E /* Models */,
				5AF2FE4BCEA66A832CB8637D /* Resources */,
				F00A4423B12F413F1474634A /* Services */,
				122010126CD7EFB3D8B2BF85 /* Views */,
			);
			path = Focally;
			sourceTree = "<group>";
		};
		E0C4358D797BEF8C38C58B27 /* Schedule */ = {
			isa = PBXGroup;
			children = (
				1D447524B8FAB7156D08A9B4 /* CreateFocusBlockSheet.swift */,
				696DBC7778A0F797F047B996 /* FocusBlockView.swift */,
				F93CAAC808829D5F520CC656 /* SchedulePage.swift */,
				0CA587C51B99E375193E7B89 /* WeekCalendarView.swift */,
			);
			path = Schedule;
			sourceTree = "<group>";
		};
		F00A4423B12F413F1474634A /* Services */ = {
			isa = PBXGroup;
			children = (
				07E3FA282EB5A6ACDC331EF9 /* AnalyticsService.swift */,
				F2E3F6355136EFD90EE198C8 /* DNDService.swift */,
				1032F662E9204A6D804DD2EF /* FocusTimerService.swift */,
				844B4C6DBE9625A6C4CAD3B6 /* GoogleCalendarService.swift */,
				8BE50E05EC48280BABFC8AC7 /* HistoryService.swift */,
				4974D6DCBBEF4EDAD90D1BC8 /* KeychainHelper.swift */,
				4414920B6A39DCAF591E7C0D /* NotificationService.swift */,
				0CDF86C485BBCBEA26892F4B /* ScheduleService.swift */,
				0179E6DB0D32C6C38E33CE35 /* SlackService.swift */,
				E6D891CCE8D1B47F36A376EF /* SoundPlayerService.swift */,
			);
			path = Services;
			sourceTree = "<group>";
		};
		FA124C2C4FF6A6CB599B6642 /* Settings */ = {
			isa = PBXGroup;
			children = (
				FADCCBBE20EDDDB13F223879 /* AboutSettingsView.swift */,
				F09389E957ADEB70D2BD6A48 /* AppearanceSettingsView.swift */,
				3BB16BD2F3E3AA2EE81EAAB3 /* AutomationSettingsView.swift */,
				333B9C2677E37101A21C54C8 /* GeneralSettingsView.swift */,
				31D39D966FFC20A42278A9DC /* IntegrationsSettingsView.swift */,
				80AE26497177767F58D61D45 /* SettingsPage.swift */,
			);
			path = Settings;
			sourceTree = "<group>";
		};
/* End PBXGroup section */

/* Begin PBXNativeTarget section */
		1AC72FE47D0D41C21F0D01AB /* Focally */ = {
			isa = PBXNativeTarget;
			buildConfigurationList = 2CEF1E0001AC6CFE0752BAED /* Build configuration list for PBXNativeTarget "Focally" */;
			buildPhases = (
				30DD3BA96A51B15AAC5D15F8 /* Sources */,
				307B2FF5EED8DE0F2FB98A22 /* Resources */,
			);
			buildRules = (
			);
			dependencies = (
			);
			name = Focally;
			packageProductDependencies = (
			);
			productName = Focally;
			productReference = 8E5322A16B3B60603C5509F9 /* Focally.app */;
			productType = "com.apple.product-type.application";
		};
/* End PBXNativeTarget section */

/* Begin PBXProject section */
		9D3C71A65D62656251FA73B9 /* Project object */ = {
			isa = PBXProject;
			attributes = {
				BuildIndependentTargetsInParallel = YES;
				LastUpgradeCheck = 1500;
				TargetAttributes = {
					1AC72FE47D0D41C21F0D01AB = {
						ProvisioningStyle = Automatic;
					};
				};
			};
			buildConfigurationList = F9DBC3DFFF435732D07C9C0B /* Build configuration list for PBXProject "Focally" */;
			developmentRegion = en;
			hasScannedForEncodings = 0;
			knownRegions = (
				Base,
				en,
			);
			mainGroup = 4051D8D7C7F98FDA8B860CCE;
			minimizedProjectReferenceProxies = 1;
			preferredProjectObjectVersion = 77;
			productRefGroup = 33154AF2EF8078375483C6A2 /* Products */;
			projectDirPath = "";
			projectRoot = "";
			targets = (
				1AC72FE47D0D41C21F0D01AB /* Focally */,
			);
		};
/* End PBXProject section */

/* Begin PBXResourcesBuildPhase section */
		307B2FF5EED8DE0F2FB98A22 /* Resources */ = {
			isa = PBXResourcesBuildPhase;
			buildActionMask = 2147483647;
			files = (
				13A631D245BE04B7853BF4F1 /* Analytics in Resources */,
				ADF6E6ACAE531242A66946CB /* AppIcon.icns in Resources */,
				EA48D35F158E4DC1C71ED845 /* Assets.xcassets in Resources */,
				1A3BC7FFCD81ED099070BE22 /* DesignSystem in Resources */,
				E7FAA76F83D4FA15983A6856 /* Fonts in Resources */,
				809EBE91F71EE7FC5E7AE0C8 /* Inter-Bold.ttf in Resources */,
				803039DD967F5D993EC45A02 /* Inter-Medium.ttf in Resources */,
				00FDD701DB74DCD2D82E469B /* Inter-Regular.ttf in Resources */,
				CC6B0E5B7BD7393534E5039F /* Inter-SemiBold.ttf in Resources */,
				A948378CE62D949DB545599B /* Navigation in Resources */,
				0972ACA31DECEB6215662878 /* Resources in Resources */,
				D7C1347EEDD7AEEC19E1977C /* Schedule in Resources */,
				9FDAC7602453C24664E4CB03 /* Settings in Resources */,
				24FE2C7D6FB650BB2C5AD8F1 /* Tasks in Resources */,
				8D9FA177CAF8AC88645E9C21 /* Timer in Resources */,
				679740AFC847642945563E39 /* bell.aiff in Resources */,
			);
			runOnlyForDeploymentPostprocessing = 0;
		};
/* End PBXResourcesBuildPhase section */

/* Begin PBXSourcesBuildPhase section */
		30DD3BA96A51B15AAC5D15F8 /* Sources */ = {
			isa = PBXSourcesBuildPhase;
			buildActionMask = 2147483647;
			files = (
				A5C5DDFD64A5AA925679A34B /* AboutSettingsView.swift in Sources */,
				CAECDE4AC6D75573BAECAF34 /* ActiveFocusView.swift in Sources */,
				C36B2949A17645A1C9679416 /* AnalyticsPage.swift in Sources */,
				34338A611D5C7DB3F143BE0C /* AnalyticsService.swift in Sources */,
				62800918C6A9ABAF71CE9F6C /* AppearanceSettingsView.swift in Sources */,
				B1C0B5E975F1DD15F1EEA2A6 /* AutomationSettingsView.swift in Sources */,
				65C855D162E30756C31A2018 /* CalendarEvent.swift in Sources */,
				569C27BAFE95086403B5EBD0 /* CardModifier.swift in Sources */,
				FEB794232080603BE2B0EE0F /* CreateFocusBlockSheet.swift in Sources */,
				7C262F088F990DED923716C5 /* DNDService.swift in Sources */,
				B83B768C2CF5BCC948DBD75B /* DesignSystemTestView.swift in Sources */,
				97DD6CBC31149C9D2AA59EDF /* EstimatedTimeCard.swift in Sources */,
				5F838DC6DC730CF3D6EA46D9 /* FocallyColors.swift in Sources */,
				4A4E5523F0A4CFF73FE53D60 /* FocallyFocusScoreCard.swift in Sources */,
				D626EF73E0ACD103321976D9 /* FocallyRadius.swift in Sources */,
				72C50B6FF38D05A2E9F440C5 /* FocallySpacing.swift in Sources */,
				4E171CBDCAE413F2F4D0F49F /* FocallyTab.swift in Sources */,
				970D3C8AD2A7D59A0BB95DCC /* FocallyTheme.swift in Sources */,
				F2B8CBD723F1F53867939192 /* FocallyTypography.swift in Sources */,
				93BF8041B02840C835DC9371 /* FocusAllocationCard.swift in Sources */,
				5D4D0DA99FF251508C00D382 /* FocusBlock.swift in Sources */,
				FF1F6F73C5FB3708C3AD140D /* FocusBlockView.swift in Sources */,
				75AE11EE54E0E7089F054303 /* FocusScoreCard.swift in Sources */,
				EA47EA69F07B97F12E89C9EA /* FocusTimerService.swift in Sources */,
				AA16BD229B8EB201F5F47D52 /* FocusTrendChart.swift in Sources */,
				ADAA439E664426F93640E1CC /* GeneralSettingsView.swift in Sources */,
				39A58C6BC3D6F565DE7134F3 /* GoogleCalendarService.swift in Sources */,
				77FD86A23B5E36658A3E7A2A /* HistoryService.swift in Sources */,
				502C0C2CECF49B7B51437EA5 /* IdleDashboardView.swift in Sources */,
				2014D50F7122A0AFCBDA1855 /* IntegrationsSettingsView.swift in Sources */,
				8F78AC672E80865A93223480 /* KeychainHelper.swift in Sources */,
				D838842FB637F4CF25588D4E /* MainWindow.swift in Sources */,
				F94CE01D65F077489B5FCEC0 /* MenuBarDropdownView.swift in Sources */,
				6CB349FD5A20890E40E0ECC3 /* NotificationService.swift in Sources */,
				71297668B2A2B4A07624D8FC /* OnItFocusApp.swift in Sources */,
				36E84D8E2E026E279FB6512E /* PomodoroState.swift in Sources */,
				3FFC3DE7EF5D8190CFE92A60 /* PredefinedTask.swift in Sources */,
				AA9A7FA72C7102C2DF501965 /* PredefinedTasksList.swift in Sources */,
				0B38F2EE9AA2A1B9C5314E82 /* RecentSessionsList.swift in Sources */,
				CF4E0D7D8E95689E6B3A9010 /* SchedulePage.swift in Sources */,
				A9B36E8ADD6E0B6C2B437CE6 /* ScheduleService.swift in Sources */,
				DD17CDE1096E671F174DE5C0 /* SettingsPage.swift in Sources */,
				22CE09543F47353743C5813D /* SharedComponents.swift in Sources */,
				28F4668E8B5055976BA76C10 /* SidebarItemView.swift in Sources */,
				AAB08AFF8D55115118E12B39 /* SidebarView.swift in Sources */,
				84AC2BAA9F2CCA1495A302B5 /* SlackService.swift in Sources */,
				E95208F3D30D1AE78A138D47 /* SmartTemplatesCard.swift in Sources */,
				1546EA3A0E314D00A7465E21 /* SoundPlayerService.swift in Sources */,
				15484DE81EA7074873C79B21 /* TaskRowView.swift in Sources */,
				39A248BCEF89B6D08450BB25 /* TasksPage.swift in Sources */,
				0CB0FBE091E9FB84F36F2E5F /* TimerControlsView.swift in Sources */,
				91403EE941CCFB17EA5AD082 /* TimerPage.swift in Sources */,
				B3683A382B1B2A7F5F62CDC3 /* TimerSettingsCard.swift in Sources */,
				151E5A8420AFEC29524AF41F /* TopBarView.swift in Sources */,
				B51CB69C4C2F2E4EB0DAA3FC /* WeekCalendarView.swift in Sources */,
			);
			runOnlyForDeploymentPostprocessing = 0;
		};
/* End PBXSourcesBuildPhase section */

/* Begin XCBuildConfiguration section */
		10F7F8A7BA61FA50E60011A8 /* Debug */ = {
			isa = XCBuildConfiguration;
			buildSettings = {
				ASSETCATALOG_COMPILER_APPICON_NAME = AppIcon;
				ASSETCATALOG_COMPILER_COLOR_SET_NAME = focally;
				CODE_SIGN_ENTITLEMENTS = Focally/Focally.entitlements;
				CODE_SIGN_STYLE = Automatic;
				COMBINE_HIDPI_IMAGES = YES;
				ENABLE_PREVIEWS = YES;
				GENERATE_INFOPLIST_FILE = NO;
				INFOPLIST_FILE = Focally/Info.plist;
				LD_RUNPATH_SEARCH_PATHS = (
					"$(inherited)",
					"@executable_path/../Frameworks",
				);
				PRODUCT_BUNDLE_NAME = Focally;
				SDKROOT = macosx;
				SWIFT_EMIT_LOC_STRINGS = YES;
			};
			name = Debug;
		};
		704058E10A134E2B2EDC90FA /* Release */ = {
			isa = XCBuildConfiguration;
			buildSettings = {
				ASSETCATALOG_COMPILER_APPICON_NAME = AppIcon;
				ASSETCATALOG_COMPILER_COLOR_SET_NAME = focally;
				CODE_SIGN_ENTITLEMENTS = Focally/Focally.entitlements;
				CODE_SIGN_STYLE = Automatic;
				COMBINE_HIDPI_IMAGES = YES;
				ENABLE_PREVIEWS = YES;
				GENERATE_INFOPLIST_FILE = NO;
				INFOPLIST_FILE = Focally/Info.plist;
				LD_RUNPATH_SEARCH_PATHS = (
					"$(inherited)",
					"@executable_path/../Frameworks",
				);
				PRODUCT_BUNDLE_NAME = Focally;
				SDKROOT = macosx;
				SWIFT_EMIT_LOC_STRINGS = YES;
			};
			name = Release;
		};
		E51998DAFD6DBF09F5063CA9 /* Release */ = {
			isa = XCBuildConfiguration;
			buildSettings = {
				ALWAYS_SEARCH_USER_PATHS = NO;
				CLANG_ANALYZER_NONNULL = YES;
				CLANG_ANALYZER_NUMBER_OBJECT_CONVERSION = YES_AGGRESSIVE;
				CLANG_CXX_LANGUAGE_STANDARD = "gnu++14";
				CLANG_CXX_LIBRARY = "libc++";
				CLANG_ENABLE_MODULES = YES;
				CLANG_ENABLE_OBJC_ARC = YES;
				CLANG_ENABLE_OBJC_WEAK = YES;
				CLANG_WARN_BLOCK_CAPTURE_AUTORELEASING = YES;
				CLANG_WARN_BOOL_CONVERSION = YES;
				CLANG_WARN_COMMA = YES;
				CLANG_WARN_CONSTANT_CONVERSION = YES;
				CLANG_WARN_DEPRECATED_OBJC_IMPLEMENTATIONS = YES;
				CLANG_WARN_DIRECT_OBJC_ISA_USAGE = YES_ERROR;
				CLANG_WARN_DOCUMENTATION_COMMENTS = YES;
				CLANG_WARN_EMPTY_BODY = YES;
				CLANG_WARN_ENUM_CONVERSION = YES;
				CLANG_WARN_INFINITE_RECURSION = YES;
				CLANG_WARN_INT_CONVERSION = YES;
				CLANG_WARN_NON_LITERAL_NULL_CONVERSION = YES;
				CLANG_WARN_OBJC_IMPLICIT_RETAIN_SELF = YES;
				CLANG_WARN_OBJC_LITERAL_CONVERSION = YES;
				CLANG_WARN_OBJC_ROOT_CLASS = YES_ERROR;
				CLANG_WARN_QUOTED_INCLUDE_IN_FRAMEWORK_HEADER = YES;
				CLANG_WARN_RANGE_LOOP_ANALYSIS = YES;
				CLANG_WARN_STRICT_PROTOTYPES = YES;
				CLANG_WARN_SUSPICIOUS_MOVE = YES;
				CLANG_WARN_UNGUARDED_AVAILABILITY = YES_AGGRESSIVE;
				CLANG_WARN_UNREACHABLE_CODE = YES;
				CLANG_WARN__DUPLICATE_METHOD_MATCH = YES;
				COPY_PHASE_STRIP = NO;
				CURRENT_PROJECT_VERSION = 13;
				DEBUG_INFORMATION_FORMAT = "dwarf-with-dsym";
				ENABLE_NS_ASSERTIONS = NO;
				ENABLE_STRICT_OBJC_MSGSEND = YES;
				GCC_C_LANGUAGE_STANDARD = gnu11;
				GCC_NO_COMMON_BLOCKS = YES;
				GCC_WARN_64_TO_32_BIT_CONVERSION = YES;
				GCC_WARN_ABOUT_RETURN_TYPE = YES_ERROR;
				GCC_WARN_UNDECLARED_SELECTOR = YES;
				GCC_WARN_UNINITIALIZED_AUTOS = YES_AGGRESSIVE;
				GCC_WARN_UNUSED_FUNCTION = YES;
				GCC_WARN_UNUSED_VARIABLE = YES;
				MACOSX_DEPLOYMENT_TARGET = 14.0;
				MARKETING_VERSION = 0.6.4;
				MTL_ENABLE_DEBUG_INFO = NO;
				MTL_FAST_MATH = YES;
				PRODUCT_BUNDLE_IDENTIFIER = app.focally.mac;
				PRODUCT_NAME = "$(TARGET_NAME)";
				SDKROOT = macosx;
				SWIFT_COMPILATION_MODE = wholemodule;
				SWIFT_OPTIMIZATION_LEVEL = "-O";
				SWIFT_VERSION = 5.9;
			};
			name = Release;
		};
		F8940EA66B401DD4B1DE8C61 /* Debug */ = {
			isa = XCBuildConfiguration;
			buildSettings = {
				ALWAYS_SEARCH_USER_PATHS = NO;
				CLANG_ANALYZER_NONNULL = YES;
				CLANG_ANALYZER_NUMBER_OBJECT_CONVERSION = YES_AGGRESSIVE;
				CLANG_CXX_LANGUAGE_STANDARD = "gnu++14";
				CLANG_CXX_LIBRARY = "libc++";
				CLANG_ENABLE_MODULES = YES;
				CLANG_ENABLE_OBJC_ARC = YES;
				CLANG_ENABLE_OBJC_WEAK = YES;
				CLANG_WARN_BLOCK_CAPTURE_AUTORELEASING = YES;
				CLANG_WARN_BOOL_CONVERSION = YES;
				CLANG_WARN_COMMA = YES;
				CLANG_WARN_CONSTANT_CONVERSION = YES;
				CLANG_WARN_DEPRECATED_OBJC_IMPLEMENTATIONS = YES;
				CLANG_WARN_DIRECT_OBJC_ISA_USAGE = YES_ERROR;
				CLANG_WARN_DOCUMENTATION_COMMENTS = YES;
				CLANG_WARN_EMPTY_BODY = YES;
				CLANG_WARN_ENUM_CONVERSION = YES;
				CLANG_WARN_INFINITE_RECURSION = YES;
				CLANG_WARN_INT_CONVERSION = YES;
				CLANG_WARN_NON_LITERAL_NULL_CONVERSION = YES;
				CLANG_WARN_OBJC_IMPLICIT_RETAIN_SELF = YES;
				CLANG_WARN_OBJC_LITERAL_CONVERSION = YES;
				CLANG_WARN_OBJC_ROOT_CLASS = YES_ERROR;
				CLANG_WARN_QUOTED_INCLUDE_IN_FRAMEWORK_HEADER = YES;
				CLANG_WARN_RANGE_LOOP_ANALYSIS = YES;
				CLANG_WARN_STRICT_PROTOTYPES = YES;
				CLANG_WARN_SUSPICIOUS_MOVE = YES;
				CLANG_WARN_UNGUARDED_AVAILABILITY = YES_AGGRESSIVE;
				CLANG_WARN_UNREACHABLE_CODE = YES;
				CLANG_WARN__DUPLICATE_METHOD_MATCH = YES;
				COPY_PHASE_STRIP = NO;
				CURRENT_PROJECT_VERSION = 13;
				DEBUG_INFORMATION_FORMAT = dwarf;
				ENABLE_STRICT_OBJC_MSGSEND = YES;
				ENABLE_TESTABILITY = YES;
				GCC_C_LANGUAGE_STANDARD = gnu11;
				GCC_DYNAMIC_NO_PIC = NO;
				GCC_NO_COMMON_BLOCKS = YES;
				GCC_OPTIMIZATION_LEVEL = 0;
				GCC_PREPROCESSOR_DEFINITIONS = (
					"$(inherited)",
					"DEBUG=1",
				);
				GCC_WARN_64_TO_32_BIT_CONVERSION = YES;
				GCC_WARN_ABOUT_RETURN_TYPE = YES_ERROR;
				GCC_WARN_UNDECLARED_SELECTOR = YES;
				GCC_WARN_UNINITIALIZED_AUTOS = YES_AGGRESSIVE;
				GCC_WARN_UNUSED_FUNCTION = YES;
				GCC_WARN_UNUSED_VARIABLE = YES;
				MACOSX_DEPLOYMENT_TARGET = 14.0;
				MARKETING_VERSION = 0.6.4;
				MTL_ENABLE_DEBUG_INFO = INCLUDE_SOURCE;
				MTL_FAST_MATH = YES;
				ONLY_ACTIVE_ARCH = YES;
				PRODUCT_BUNDLE_IDENTIFIER = app.focally.mac;
				PRODUCT_NAME = "$(TARGET_NAME)";
				SDKROOT = macosx;
				SWIFT_ACTIVE_COMPILATION_CONDITIONS = DEBUG;
				SWIFT_OPTIMIZATION_LEVEL = "-Onone";
				SWIFT_VERSION = 5.9;
			};
			name = Debug;
		};
/* End XCBuildConfiguration section */

/* Begin XCConfigurationList section */
		2CEF1E0001AC6CFE0752BAED /* Build configuration list for PBXNativeTarget "Focally" */ = {
			isa = XCConfigurationList;
			buildConfigurations = (
				10F7F8A7BA61FA50E60011A8 /* Debug */,
				704058E10A134E2B2EDC90FA /* Release */,
			);
			defaultConfigurationIsVisible = 0;
			defaultConfigurationName = Debug;
		};
		F9DBC3DFFF435732D07C9C0B /* Build configuration list for PBXProject "Focally" */ = {
			isa = XCConfigurationList;
			buildConfigurations = (
				F8940EA66B401DD4B1DE8C61 /* Debug */,
				E51998DAFD6DBF09F5063CA9 /* Release */,
			);
			defaultConfigurationIsVisible = 0;
			defaultConfigurationName = Debug;
		};
/* End XCConfigurationList section */
	};
	rootObject = 9D3C71A65D62656251FA73B9 /* Project object */;
}
